Microsoft Visual Studio Solution File, Format Version 12.00
# Visual Studio Version 17
VisualStudioVersion = 17.5.2.0
MinimumVisualStudioVersion = 10.0.40219.1
Project("{FAE04EC0-301F-11D3-BF4B-00C04F79EFBC}") = "Resume.Services", "Resume.Services.csproj", "{9302FB29-CA96-858B-453B-913595261222}"
EndProject
Global
	GlobalSection(SolutionConfigurationPlatforms) = preSolution
		Debug|Any CPU = Debug|Any CPU
		Release|Any CPU = Release|Any CPU
	EndGlobalSection
	GlobalSection(ProjectConfigurationPlatforms) = postSolution
		{9302FB29-CA96-858B-453B-913595261222}.Debug|Any CPU.ActiveCfg = Debug|Any CPU
		{9302FB29-CA96-858B-453B-913595261222}.Debug|Any CPU.Build.0 = Debug|Any CPU
		{9302FB29-CA96-858B-453B-913595261222}.Release|Any CPU.ActiveCfg = Release|Any CPU
		{9302FB29-CA96-858B-453B-913595261222}.Release|Any CPU.Build.0 = Release|Any CPU
	EndGlobalSection
	GlobalSection(SolutionProperties) = preSolution
		HideSolutionNode = FALSE
	EndGlobalSection
	GlobalSection(ExtensibilityGlobals) = postSolution
		SolutionGuid = {47492A78-C56C-445F-A5CA-3C43040BC8BC}
	EndGlobalSection
EndGlobal
